{
  "version": 4,
  "terraform_version": "1.13.5",
  "serial": 21,
  "lineage": "8fade502-bd6d-1c3f-e10b-4bc017e6b06e",
  "outputs": {},
  "resources": [
    {
      "mode": "managed",
      "type": "aws_glue_catalog_database",
      "name": "finance_database_pre",
      "provider": "provider[\"registry.terraform.io/hashicorp/aws\"]",
      "instances": [
        {
          "schema_version": 0,
          "attributes": {
            "arn": "arn:aws:glue:eu-north-1:344092235949:database/finance_database_pre",
            "catalog_id": "344092235949",
            "create_table_default_permission": [
              {
                "permissions": [
                  "ALL"
                ],
                "principal": [
                  {
                    "data_lake_principal_identifier": "IAM_ALLOWED_PRINCIPALS"
                  }
                ]
              }
            ],
            "description": "",
            "federated_database": [],
            "id": "344092235949:finance_database_pre",
            "location_uri": "source-data-bucket-pre/",
            "name": "finance_database_pre",
            "parameters": {},
            "region": "eu-north-1",
            "tags": {},
            "tags_all": {},
            "target_database": []
          },
          "sensitive_attributes": [],
          "identity_schema_version": 0,
          "private": "bnVsbA==",
          "dependencies": [
            "aws_s3_bucket.source-data-bucket-pre"
          ]
        }
      ]
    },
    {
      "mode": "managed",
      "type": "aws_glue_crawler",
      "name": "finance_data_crawler_pre",
      "provider": "provider[\"registry.terraform.io/hashicorp/aws\"]",
      "instances": [
        {
          "schema_version": 0,
          "attributes": {
            "arn": "arn:aws:glue:eu-north-1:344092235949:crawler/finance_data_crawler_pre",
            "catalog_target": [],
            "classifiers": [],
            "configuration": "{\"Version\":1.0,\"Grouping\":{\"TableGroupingPolicy\":\"CombineCompatibleSchemas\"}}",
            "database_name": "finance_database_pre",
            "delta_target": [],
            "description": "",
            "dynamodb_target": [],
            "hudi_target": [],
            "iceberg_target": [],
            "id": "finance_data_crawler_pre",
            "jdbc_target": [],
            "lake_formation_configuration": [
              {
                "account_id": "",
                "use_lake_formation_credentials": false
              }
            ],
            "lineage_configuration": [
              {
                "crawler_lineage_settings": "DISABLE"
              }
            ],
            "mongodb_target": [],
            "name": "finance_data_crawler_pre",
            "recrawl_policy": [
              {
                "recrawl_behavior": "CRAWL_EVERYTHING"
              }
            ],
            "region": "eu-north-1",
            "role": "glue_service_role_finance_data",
            "s3_target": [
              {
                "connection_name": "",
                "dlq_event_queue_arn": "",
                "event_queue_arn": "",
                "exclusions": [],
                "path": "s3://source-data-bucket-pre/",
                "sample_size": 0
              }
            ],
            "schedule": "",
            "schema_change_policy": [
              {
                "delete_behavior": "LOG",
                "update_behavior": "UPDATE_IN_DATABASE"
              }
            ],
            "security_configuration": "",
            "table_prefix": "",
            "tags": {},
            "tags_all": {}
          },
          "sensitive_attributes": [],
          "identity_schema_version": 0,
          "private": "bnVsbA==",
          "dependencies": [
            "aws_glue_catalog_database.finance_database_pre",
            "aws_iam_role.glue_service_role",
            "aws_s3_bucket.source-data-bucket-pre"
          ]
        }
      ]
    },
    {
      "mode": "managed",
      "type": "aws_glue_trigger",
      "name": "finance_data_trigger_pre",
      "provider": "provider[\"registry.terraform.io/hashicorp/aws\"]",
      "instances": [
        {
          "schema_version": 0,
          "attributes": {
            "actions": [
              {
                "arguments": {},
                "crawler_name": "finance_data_crawler_pre",
                "job_name": "",
                "notification_property": [],
                "security_configuration": "",
                "timeout": 0
              }
            ],
            "arn": "arn:aws:glue:eu-north-1:344092235949:trigger/finance_data_trigger_pre",
            "description": "",
            "enabled": true,
            "event_batching_condition": [],
            "id": "finance_data_trigger_pre",
            "name": "finance_data_trigger_pre",
            "predicate": [],
            "region": "eu-north-1",
            "schedule": "",
            "start_on_creation": null,
            "state": "CREATED",
            "tags": {},
            "tags_all": {},
            "timeouts": null,
            "type": "ON_DEMAND",
            "workflow_name": ""
          },
          "sensitive_attributes": [],
          "identity_schema_version": 0,
          "private": "eyJlMmJmYjczMC1lY2FhLTExZTYtOGY4OC0zNDM2M2JjN2M0YzAiOnsiY3JlYXRlIjozMDAwMDAwMDAwMDAsImRlbGV0ZSI6MzAwMDAwMDAwMDAwLCJ1cGRhdGUiOjMwMDAwMDAwMDAwMH19",
          "dependencies": [
            "aws_glue_catalog_database.finance_database_pre",
            "aws_glue_crawler.finance_data_crawler_pre",
            "aws_iam_role.glue_service_role",
            "aws_s3_bucket.source-data-bucket-pre"
          ]
        }
      ]
    },
    {
      "mode": "managed",
      "type": "aws_iam_role",
      "name": "glue_service_role",
      "provider": "provider[\"registry.terraform.io/hashicorp/aws\"]",
      "instances": [
        {
          "schema_version": 0,
          "attributes": {
            "arn": "arn:aws:iam::344092235949:role/glue_service_role_finance_data",
            "assume_role_policy": "{\"Statement\":[{\"Action\":\"sts:AssumeRole\",\"Effect\":\"Allow\",\"Principal\":{\"Service\":\"glue.amazonaws.com\"}}],\"Version\":\"2012-10-17\"}",
            "create_date": "2025-11-07T18:24:06Z",
            "description": "",
            "force_detach_policies": false,
            "id": "glue_service_role_finance_data",
            "inline_policy": [
              {
                "name": "glue_service_role_policy_finance_data",
                "policy": "{\"Version\":\"2012-10-17\",\"Statement\":[{\"Action\":[\"glue:*\",\"s3:GetBucketLocation\",\"s3:ListBucket\",\"s3:ListAllMyBuckets\",\"s3:GetBucketAcl\",\"ec2:DescribeVpcEndpoints\",\"ec2:DescribeRouteTables\",\"ec2:CreateNetworkInterface\",\"ec2:DeleteNetworkInterface\",\"ec2:DescribeNetworkInterfaces\",\"ec2:DescribeSecurityGroups\",\"ec2:DescribeSubnets\",\"ec2:DescribeVpcAttribute\",\"iam:ListRolePolicies\",\"iam:GetRole\",\"iam:GetRolePolicy\",\"cloudwatch:PutMetricData\"],\"Effect\":\"Allow\",\"Resource\":[\"*\"]},{\"Action\":[\"s3:CreateBucket\"],\"Effect\":\"Allow\",\"Resource\":[\"arn:aws:s3:::aws-glue-*\"]},{\"Action\":[\"s3:GetObject\",\"s3:PutObject\",\"s3:DeleteObject\"],\"Effect\":\"Allow\",\"Resource\":[\"arn:aws:s3:::*/*\",\"arn:aws:s3:::*/*aws-glue-*/*\"]},{\"Action\":[\"s3:GetObject\"],\"Effect\":\"Allow\",\"Resource\":[\"arn:aws:s3:::crawler-public*\",\"arn:aws:s3:::aws-glue-*\"]},{\"Action\":[\"logs:CreateLogGroup\",\"logs:CreateLogStream\",\"logs:PutLogEvents\"],\"Effect\":\"Allow\",\"Resource\":[\"arn:aws:logs:*:*:*:/aws-glue/*\"]},{\"Action\":[\"ec2:CreateTags\",\"ec2:DeleteTags\"],\"Condition\":{\"ForAllValues:StringEquals\":{\"aws:TagKeys\":[\"aws-glue-service-resource\"]}},\"Effect\":\"Allow\",\"Resource\":[\"arn:aws:ec2:*:*:network-interface/*\",\"arn:aws:ec2:*:*:security-group/*\",\"arn:aws:ec2:*:*:instance/*\"]}]}"
              }
            ],
            "managed_policy_arns": [],
            "max_session_duration": 3600,
            "name": "glue_service_role_finance_data",
            "name_prefix": "",
            "path": "/",
            "permissions_boundary": "",
            "tags": {},
            "tags_all": {},
            "unique_id": "AROAVAHL63CWYUTX5XZNZ"
          },
          "sensitive_attributes": [],
          "identity_schema_version": 0,
          "identity": {
            "account_id": "344092235949",
            "name": "glue_service_role_finance_data"
          },
          "private": "bnVsbA=="
        }
      ]
    },
    {
      "mode": "managed",
      "type": "aws_iam_role_policy",
      "name": "glue_service_role_policy",
      "provider": "provider[\"registry.terraform.io/hashicorp/aws\"]",
      "instances": [
        {
          "schema_version": 0,
          "attributes": {
            "id": "glue_service_role_finance_data:glue_service_role_policy_finance_data",
            "name": "glue_service_role_policy_finance_data",
            "name_prefix": "",
            "policy": "{\"Version\":\"2012-10-17\",\"Statement\":[{\"Action\":[\"glue:*\",\"s3:GetBucketLocation\",\"s3:ListBucket\",\"s3:ListAllMyBuckets\",\"s3:GetBucketAcl\",\"ec2:DescribeVpcEndpoints\",\"ec2:DescribeRouteTables\",\"ec2:CreateNetworkInterface\",\"ec2:DeleteNetworkInterface\",\"ec2:DescribeNetworkInterfaces\",\"ec2:DescribeSecurityGroups\",\"ec2:DescribeSubnets\",\"ec2:DescribeVpcAttribute\",\"iam:ListRolePolicies\",\"iam:GetRole\",\"iam:GetRolePolicy\",\"cloudwatch:PutMetricData\"],\"Effect\":\"Allow\",\"Resource\":[\"*\"]},{\"Action\":[\"s3:CreateBucket\"],\"Effect\":\"Allow\",\"Resource\":[\"arn:aws:s3:::aws-glue-*\"]},{\"Action\":[\"s3:GetObject\",\"s3:PutObject\",\"s3:DeleteObject\"],\"Effect\":\"Allow\",\"Resource\":[\"arn:aws:s3:::*/*\",\"arn:aws:s3:::*/*aws-glue-*/*\"]},{\"Action\":[\"s3:GetObject\"],\"Effect\":\"Allow\",\"Resource\":[\"arn:aws:s3:::crawler-public*\",\"arn:aws:s3:::aws-glue-*\"]},{\"Action\":[\"logs:CreateLogGroup\",\"logs:CreateLogStream\",\"logs:PutLogEvents\"],\"Effect\":\"Allow\",\"Resource\":[\"arn:aws:logs:*:*:*:/aws-glue/*\"]},{\"Action\":[\"ec2:CreateTags\",\"ec2:DeleteTags\"],\"Condition\":{\"ForAllValues:StringEquals\":{\"aws:TagKeys\":[\"aws-glue-service-resource\"]}},\"Effect\":\"Allow\",\"Resource\":[\"arn:aws:ec2:*:*:network-interface/*\",\"arn:aws:ec2:*:*:security-group/*\",\"arn:aws:ec2:*:*:instance/*\"]}]}",
            "role": "glue_service_role_finance_data"
          },
          "sensitive_attributes": [],
          "identity_schema_version": 0,
          "identity": {
            "account_id": "344092235949",
            "name": "glue_service_role_policy_finance_data",
            "role": "glue_service_role_finance_data"
          },
          "private": "bnVsbA==",
          "dependencies": [
            "aws_iam_role.glue_service_role"
          ]
        }
      ]
    },
    {
      "mode": "managed",
      "type": "aws_s3_bucket",
      "name": "finance-data-target-pre",
      "provider": "provider[\"registry.terraform.io/hashicorp/aws\"]",
      "instances": [
        {
          "schema_version": 0,
          "attributes": {
            "acceleration_status": "",
            "acl": null,
            "arn": "arn:aws:s3:::finance-data-target-pre",
            "bucket": "finance-data-target-pre",
            "bucket_domain_name": "finance-data-target-pre.s3.amazonaws.com",
            "bucket_prefix": "",
            "bucket_region": "eu-north-1",
            "bucket_regional_domain_name": "finance-data-target-pre.s3.eu-north-1.amazonaws.com",
            "cors_rule": [],
            "force_destroy": true,
            "grant": [
              {
                "id": "ed66008c945b398228f0bae67aa34933377d5c2ee802acf14a754fca28d31fda",
                "permissions": [
                  "FULL_CONTROL"
                ],
                "type": "CanonicalUser",
                "uri": ""
              }
            ],
            "hosted_zone_id": "Z3BAZG2TWCNX0D",
            "id": "finance-data-target-pre",
            "lifecycle_rule": [],
            "logging": [],
            "object_lock_configuration": [],
            "object_lock_enabled": false,
            "policy": "",
            "region": "eu-north-1",
            "replication_configuration": [],
            "request_payer": "BucketOwner",
            "server_side_encryption_configuration": [
              {
                "rule": [
                  {
                    "apply_server_side_encryption_by_default": [
                      {
                        "kms_master_key_id": "",
                        "sse_algorithm": "AES256"
                      }
                    ],
                    "bucket_key_enabled": false
                  }
                ]
              }
            ],
            "tags": {},
            "tags_all": {},
            "timeouts": null,
            "versioning": [
              {
                "enabled": false,
                "mfa_delete": false
              }
            ],
            "website": [],
            "website_domain": null,
            "website_endpoint": null
          },
          "sensitive_attributes": [],
          "identity_schema_version": 0,
          "identity": {
            "account_id": "344092235949",
            "bucket": "finance-data-target-pre",
            "region": "eu-north-1"
          },
          "private": "eyJlMmJmYjczMC1lY2FhLTExZTYtOGY4OC0zNDM2M2JjN2M0YzAiOnsiY3JlYXRlIjoxMjAwMDAwMDAwMDAwLCJkZWxldGUiOjM2MDAwMDAwMDAwMDAsInJlYWQiOjEyMDAwMDAwMDAwMDAsInVwZGF0ZSI6MTIwMDAwMDAwMDAwMH19"
        }
      ]
    },
    {
      "mode": "managed",
      "type": "aws_s3_bucket",
      "name": "glue-code-bucket-pre",
      "provider": "provider[\"registry.terraform.io/hashicorp/aws\"]",
      "instances": [
        {
          "schema_version": 0,
          "attributes": {
            "acceleration_status": "",
            "acl": "private",
            "arn": "arn:aws:s3:::glue-code-bucket-pre",
            "bucket": "glue-code-bucket-pre",
            "bucket_domain_name": "glue-code-bucket-pre.s3.amazonaws.com",
            "bucket_prefix": "",
            "bucket_region": "eu-north-1",
            "bucket_regional_domain_name": "glue-code-bucket-pre.s3.eu-north-1.amazonaws.com",
            "cors_rule": [],
            "force_destroy": false,
            "grant": [
              {
                "id": "ed66008c945b398228f0bae67aa34933377d5c2ee802acf14a754fca28d31fda",
                "permissions": [
                  "FULL_CONTROL"
                ],
                "type": "CanonicalUser",
                "uri": ""
              }
            ],
            "hosted_zone_id": "Z3BAZG2TWCNX0D",
            "id": "glue-code-bucket-pre",
            "lifecycle_rule": [],
            "logging": [],
            "object_lock_configuration": [],
            "object_lock_enabled": false,
            "policy": "",
            "region": "eu-north-1",
            "replication_configuration": [],
            "request_payer": "BucketOwner",
            "server_side_encryption_configuration": [
              {
                "rule": [
                  {
                    "apply_server_side_encryption_by_default": [
                      {
                        "kms_master_key_id": "",
                        "sse_algorithm": "AES256"
                      }
                    ],
                    "bucket_key_enabled": false
                  }
                ]
              }
            ],
            "tags": null,
            "tags_all": {},
            "timeouts": null,
            "versioning": [
              {
                "enabled": false,
                "mfa_delete": false
              }
            ],
            "website": [],
            "website_domain": null,
            "website_endpoint": null
          },
          "sensitive_attributes": [],
          "identity_schema_version": 0,
          "identity": {
            "account_id": "344092235949",
            "bucket": "glue-code-bucket-pre",
            "region": "eu-north-1"
          },
          "private": "eyJlMmJmYjczMC1lY2FhLTExZTYtOGY4OC0zNDM2M2JjN2M0YzAiOnsiY3JlYXRlIjoxMjAwMDAwMDAwMDAwLCJkZWxldGUiOjM2MDAwMDAwMDAwMDAsInJlYWQiOjEyMDAwMDAwMDAwMDAsInVwZGF0ZSI6MTIwMDAwMDAwMDAwMH19"
        }
      ]
    },
    {
      "mode": "managed",
      "type": "aws_s3_bucket",
      "name": "source-data-bucket-pre",
      "provider": "provider[\"registry.terraform.io/hashicorp/aws\"]",
      "instances": [
        {
          "schema_version": 0,
          "attributes": {
            "acceleration_status": "",
            "acl": null,
            "arn": "arn:aws:s3:::source-data-bucket-pre",
            "bucket": "source-data-bucket-pre",
            "bucket_domain_name": "source-data-bucket-pre.s3.amazonaws.com",
            "bucket_prefix": "",
            "bucket_region": "eu-north-1",
            "bucket_regional_domain_name": "source-data-bucket-pre.s3.eu-north-1.amazonaws.com",
            "cors_rule": [],
            "force_destroy": true,
            "grant": [
              {
                "id": "ed66008c945b398228f0bae67aa34933377d5c2ee802acf14a754fca28d31fda",
                "permissions": [
                  "FULL_CONTROL"
                ],
                "type": "CanonicalUser",
                "uri": ""
              }
            ],
            "hosted_zone_id": "Z3BAZG2TWCNX0D",
            "id": "source-data-bucket-pre",
            "lifecycle_rule": [],
            "logging": [],
            "object_lock_configuration": [],
            "object_lock_enabled": false,
            "policy": "",
            "region": "eu-north-1",
            "replication_configuration": [],
            "request_payer": "BucketOwner",
            "server_side_encryption_configuration": [
              {
                "rule": [
                  {
                    "apply_server_side_encryption_by_default": [
                      {
                        "kms_master_key_id": "",
                        "sse_algorithm": "AES256"
                      }
                    ],
                    "bucket_key_enabled": false
                  }
                ]
              }
            ],
            "tags": {},
            "tags_all": {},
            "timeouts": null,
            "versioning": [
              {
                "enabled": false,
                "mfa_delete": false
              }
            ],
            "website": [],
            "website_domain": null,
            "website_endpoint": null
          },
          "sensitive_attributes": [],
          "identity_schema_version": 0,
          "identity": {
            "account_id": "344092235949",
            "bucket": "source-data-bucket-pre",
            "region": "eu-north-1"
          },
          "private": "eyJlMmJmYjczMC1lY2FhLTExZTYtOGY4OC0zNDM2M2JjN2M0YzAiOnsiY3JlYXRlIjoxMjAwMDAwMDAwMDAwLCJkZWxldGUiOjM2MDAwMDAwMDAwMDAsInJlYWQiOjEyMDAwMDAwMDAwMDAsInVwZGF0ZSI6MTIwMDAwMDAwMDAwMH19"
        }
      ]
    }
  ],
  "check_results": null
}
